%{"base64url": {:git, "https://github.com/dvv/base64url.git", "9d0fe71ef6dfd2bf623e64ad495098c9eabbf0ef", [ref: "9d0fe71e"]},
  "dialyxir": {:hex, :dialyxir, "0.5.0", "5bc543f9c28ecd51b99cc1a685a3c2a1a93216990347f259406a910cf048d1d7", [:mix], []},
  "earmark": {:hex, :earmark, "0.2.1", "ba6d26ceb16106d069b289df66751734802777a3cbb6787026dd800ffeb850f3", [:mix], []},
  "ex_doc": {:hex, :ex_doc, "0.12.0", "b774aabfede4af31c0301aece12371cbd25995a21bb3d71d66f5c2fe074c603f", [:mix], [{:earmark, "~> 0.2", [hex: :earmark, optional: false]}]},
  "fernet": {:git, "https://github.com/fernet/fernet-erl.git", "40b1a9fb92388ca5f9f512501198a138cbdf9304", []},
  "pkcs7": {:git, "https://github.com/camshaft/pkcs7.erl.git", "56b11a13f6743b5610adab934389972fc530a7a1", [ref: "56b11a13f6"]}}
